// !$*UTF8*$!
{
	archiveVersion = 1;
	classes = {
	};
	objectVersion = 55;
	objects = {

/* Begin PBXBuildFile section */
		636C7CA527CA9B4B008950F7 /* AppDelegate.swift in Sources */ = {isa = PBXBuildFile; fileRef = 636C7CA427CA9B4B008950F7 /* AppDelegate.swift */; };
		636C7CA727CA9B4B008950F7 /* SceneDelegate.swift in Sources */ = {isa = PBXBuildFile; fileRef = 636C7CA627CA9B4B008950F7 /* SceneDelegate.swift */; };
		636C7CAE27CA9B4F008950F7 /* Assets.xcassets in Resources */ = {isa = PBXBuildFile; fileRef = 636C7CAD27CA9B4F008950F7 /* Assets.xcassets */; };
		636C7CB127CA9B4F008950F7 /* LaunchScreen.storyboard in Resources */ = {isa = PBXBuildFile; fileRef = 636C7CAF27CA9B4F008950F7 /* LaunchScreen.storyboard */; };
		636C7CBC27CA9B4F008950F7 /* Wallet_AppTests.swift in Sources */ = {isa = PBXBuildFile; fileRef = 636C7CBB27CA9B4F008950F7 /* Wallet_AppTests.swift */; };
		636C7CC627CA9B4F008950F7 /* Wallet_AppUITests.swift in Sources */ = {isa = PBXBuildFile; fileRef = 636C7CC527CA9B4F008950F7 /* Wallet_AppUITests.swift */; };
		636C7CC827CA9B4F008950F7 /* Wallet_AppUITestsLaunchTests.swift in Sources */ = {isa = PBXBuildFile; fileRef = 636C7CC727CA9B4F008950F7 /* Wallet_AppUITestsLaunchTests.swift */; };
		636C7CD927CAC78B008950F7 /* HomeViewController.swift in Sources */ = {isa = PBXBuildFile; fileRef = 636C7CD827CAC78B008950F7 /* HomeViewController.swift */; };
		636C7CDB27CACE3D008950F7 /* MainTabBarViewController.swift in Sources */ = {isa = PBXBuildFile; fileRef = 636C7CDA27CACE3D008950F7 /* MainTabBarViewController.swift */; };
		636C7CDE27CACF40008950F7 /* HistoryViewController.swift in Sources */ = {isa = PBXBuildFile; fileRef = 636C7CDD27CACF40008950F7 /* HistoryViewController.swift */; };
		636C7CE227CAD0BA008950F7 /* View+Pin.swift in Sources */ = {isa = PBXBuildFile; fileRef = 636C7CE127CAD0BA008950F7 /* View+Pin.swift */; };
		636C7CE427CAD4C9008950F7 /* Cards.swift in Sources */ = {isa = PBXBuildFile; fileRef = 636C7CE327CAD4C9008950F7 /* Cards.swift */; };
		636C7CE627CAD4D2008950F7 /* Contacts.swift in Sources */ = {isa = PBXBuildFile; fileRef = 636C7CE527CAD4D2008950F7 /* Contacts.swift */; };
		636C7CE827CAD4E4008950F7 /* History.swift in Sources */ = {isa = PBXBuildFile; fileRef = 636C7CE727CAD4E4008950F7 /* History.swift */; };
		636C7CEA27CAD560008950F7 /* HomeRouter.swift in Sources */ = {isa = PBXBuildFile; fileRef = 636C7CE927CAD560008950F7 /* HomeRouter.swift */; };
		636C7CEC27CAD7B8008950F7 /* HomeInteractor.swift in Sources */ = {isa = PBXBuildFile; fileRef = 636C7CEB27CAD7B8008950F7 /* HomeInteractor.swift */; };
		636C7CEE27CADD56008950F7 /* HomePresenter.swift in Sources */ = {isa = PBXBuildFile; fileRef = 636C7CED27CADD56008950F7 /* HomePresenter.swift */; };
		636C7CF027CADEB0008950F7 /* HomeWorker.swift in Sources */ = {isa = PBXBuildFile; fileRef = 636C7CEF27CADEB0008950F7 /* HomeWorker.swift */; };
		636C7CF227CADEF8008950F7 /* HomeModels.swift in Sources */ = {isa = PBXBuildFile; fileRef = 636C7CF127CADEF8008950F7 /* HomeModels.swift */; };
		636C7CF427CADF7B008950F7 /* CardCollectionViewCell.swift in Sources */ = {isa = PBXBuildFile; fileRef = 636C7CF327CADF7B008950F7 /* CardCollectionViewCell.swift */; };
		636C7CF727CAE312008950F7 /* DBService.swift in Sources */ = {isa = PBXBuildFile; fileRef = 636C7CF627CAE312008950F7 /* DBService.swift */; };
		636C7CFA27CBE061008950F7 /* purpleGradient.jpg in Resources */ = {isa = PBXBuildFile; fileRef = 636C7CF927CBE061008950F7 /* purpleGradient.jpg */; };
		636C7CFC27CBE98A008950F7 /* CardHeaderCollectionReusableView.swift in Sources */ = {isa = PBXBuildFile; fileRef = 636C7CFB27CBE98A008950F7 /* CardHeaderCollectionReusableView.swift */; };
		636C7CFE27CBEF84008950F7 /* ContactCollectionViewCell.swift in Sources */ = {isa = PBXBuildFile; fileRef = 636C7CFD27CBEF84008950F7 /* ContactCollectionViewCell.swift */; };
		636C7D0027CBF7E2008950F7 /* ContactHeaderCollectionReusableView.swift in Sources */ = {isa = PBXBuildFile; fileRef = 636C7CFF27CBF7E2008950F7 /* ContactHeaderCollectionReusableView.swift */; };
		636C7D0227CC20E0008950F7 /* ScreenSize.swift in Sources */ = {isa = PBXBuildFile; fileRef = 636C7D0127CC20E0008950F7 /* ScreenSize.swift */; };
		636C7D0427CC3159008950F7 /* HistoryCollectionViewCell.swift in Sources */ = {isa = PBXBuildFile; fileRef = 636C7D0327CC3159008950F7 /* HistoryCollectionViewCell.swift */; };
		636C7D0827CCF993008950F7 /* HistoryCollectionReusableView.swift in Sources */ = {isa = PBXBuildFile; fileRef = 636C7D0727CCF993008950F7 /* HistoryCollectionReusableView.swift */; };
		636C7D0A27CD1BBB008950F7 /* testPerson3.jpeg in Resources */ = {isa = PBXBuildFile; fileRef = 636C7D0927CD1BBB008950F7 /* testPerson3.jpeg */; };
		636C7D0C27CD1BC4008950F7 /* testPerson2.jpeg in Resources */ = {isa = PBXBuildFile; fileRef = 636C7D0B27CD1BC4008950F7 /* testPerson2.jpeg */; };
		636C7D0E27CD1BCB008950F7 /* testPerson.jpeg in Resources */ = {isa = PBXBuildFile; fileRef = 636C7D0D27CD1BCB008950F7 /* testPerson.jpeg */; };
		636C7D1027CE7FB9008950F7 /* AnalyticsViewController.swift in Sources */ = {isa = PBXBuildFile; fileRef = 636C7D0F27CE7FB9008950F7 /* AnalyticsViewController.swift */; };
		636C7D1227D242CE008950F7 /* AnalyticsInteractor.swift in Sources */ = {isa = PBXBuildFile; fileRef = 636C7D1127D242CE008950F7 /* AnalyticsInteractor.swift */; };
		636C7D1427D242DB008950F7 /* AnalyticsPresenter.swift in Sources */ = {isa = PBXBuildFile; fileRef = 636C7D1327D242DB008950F7 /* AnalyticsPresenter.swift */; };
		636C7D1627D242E8008950F7 /* AnalyticsWorker.swift in Sources */ = {isa = PBXBuildFile; fileRef = 636C7D1527D242E8008950F7 /* AnalyticsWorker.swift */; };
		636C7D1827D242F5008950F7 /* AnalyticsModels.swift in Sources */ = {isa = PBXBuildFile; fileRef = 636C7D1727D242F5008950F7 /* AnalyticsModels.swift */; };
		636C7D1A27D24312008950F7 /* AnalyticsRouter.swift in Sources */ = {isa = PBXBuildFile; fileRef = 636C7D1927D24312008950F7 /* AnalyticsRouter.swift */; };
		636C7D1E27D3E10E008950F7 /* PieChartView.swift in Sources */ = {isa = PBXBuildFile; fileRef = 636C7D1D27D3E10E008950F7 /* PieChartView.swift */; };
		636C7D2227D4159D008950F7 /* StatGraphicsCollectionReusableView.swift in Sources */ = {isa = PBXBuildFile; fileRef = 636C7D2127D4159D008950F7 /* StatGraphicsCollectionReusableView.swift */; };
/* End PBXBuildFile section */

/* Begin PBXContainerItemProxy section */
		636C7CB827CA9B4F008950F7 /* PBXContainerItemProxy */ = {
			isa = PBXContainerItemProxy;
			containerPortal = 636C7C9927CA9B4B008950F7 /* Project object */;
			proxyType = 1;
			remoteGlobalIDString = 636C7CA027CA9B4B008950F7;
			remoteInfo = "Wallet-App";
		};
		636C7CC227CA9B4F008950F7 /* PBXContainerItemProxy */ = {
			isa = PBXContainerItemProxy;
			containerPortal = 636C7C9927CA9B4B008950F7 /* Project object */;
			proxyType = 1;
			remoteGlobalIDString = 636C7CA027CA9B4B008950F7;
			remoteInfo = "Wallet-App";
		};
/* End PBXContainerItemProxy section */

/* Begin PBXFileReference section */
		636C7CA127CA9B4B008950F7 /* Wallet-App.app */ = {isa = PBXFileReference; explicitFileType = wrapper.application; includeInIndex = 0; path = "Wallet-App.app"; sourceTree = BUILT_PRODUCTS_DIR; };
		636C7CA427CA9B4B008950F7 /* AppDelegate.swift */ = {isa = PBXFileReference; lastKnownFileType = sourcecode.swift; path = AppDelegate.swift; sourceTree = "<group>"; };
		636C7CA627CA9B4B008950F7 /* SceneDelegate.swift */ = {isa = PBXFileReference; lastKnownFileType = sourcecode.swift; path = SceneDelegate.swift; sourceTree = "<group>"; };
		636C7CAD27CA9B4F008950F7 /* Assets.xcassets */ = {isa = PBXFileReference; lastKnownFileType = folder.assetcatalog; path = Assets.xcassets; sourceTree = "<group>"; };
		636C7CB027CA9B4F008950F7 /* Base */ = {isa = PBXFileReference; lastKnownFileType = file.storyboard; name = Base; path = Base.lproj/LaunchScreen.storyboard; sourceTree = "<group>"; };
		636C7CB227CA9B4F008950F7 /* Info.plist */ = {isa = PBXFileReference; lastKnownFileType = text.plist.xml; path = Info.plist; sourceTree = "<group>"; };
		636C7CB727CA9B4F008950F7 /* Wallet-AppTests.xctest */ = {isa = PBXFileReference; explicitFileType = wrapper.cfbundle; includeInIndex = 0; path = "Wallet-AppTests.xctest"; sourceTree = BUILT_PRODUCTS_DIR; };
		636C7CBB27CA9B4F008950F7 /* Wallet_AppTests.swift */ = {isa = PBXFileReference; lastKnownFileType = sourcecode.swift; path = Wallet_AppTests.swift; sourceTree = "<group>"; };
		636C7CC127CA9B4F008950F7 /* Wallet-AppUITests.xctest */ = {isa = PBXFileReference; explicitFileType = wrapper.cfbundle; includeInIndex = 0; path = "Wallet-AppUITests.xctest"; sourceTree = BUILT_PRODUCTS_DIR; };
		636C7CC527CA9B4F008950F7 /* Wallet_AppUITests.swift */ = {isa = PBXFileReference; lastKnownFileType = sourcecode.swift; path = Wallet_AppUITests.swift; sourceTree = "<group>"; };
		636C7CC727CA9B4F008950F7 /* Wallet_AppUITestsLaunchTests.swift */ = {isa = PBXFileReference; lastKnownFileType = sourcecode.swift; path = Wallet_AppUITestsLaunchTests.swift; sourceTree = "<group>"; };
		636C7CD827CAC78B008950F7 /* HomeViewController.swift */ = {isa = PBXFileReference; lastKnownFileType = sourcecode.swift; path = HomeViewController.swift; sourceTree = "<group>"; };
		636C7CDA27CACE3D008950F7 /* MainTabBarViewController.swift */ = {isa = PBXFileReference; lastKnownFileType = sourcecode.swift; name = MainTabBarViewController.swift; path = "Wallet-App/Main/MainTabBarViewController.swift"; sourceTree = SOURCE_ROOT; };
		636C7CDD27CACF40008950F7 /* HistoryViewController.swift */ = {isa = PBXFileReference; lastKnownFileType = sourcecode.swift; path = HistoryViewController.swift; sourceTree = "<group>"; };
		636C7CE127CAD0BA008950F7 /* View+Pin.swift */ = {isa = PBXFileReference; lastKnownFileType = sourcecode.swift; path = "View+Pin.swift"; sourceTree = "<group>"; };
		636C7CE327CAD4C9008950F7 /* Cards.swift */ = {isa = PBXFileReference; lastKnownFileType = sourcecode.swift; path = Cards.swift; sourceTree = "<group>"; };
		636C7CE527CAD4D2008950F7 /* Contacts.swift */ = {isa = PBXFileReference; lastKnownFileType = sourcecode.swift; path = Contacts.swift; sourceTree = "<group>"; };
		636C7CE727CAD4E4008950F7 /* History.swift */ = {isa = PBXFileReference; lastKnownFileType = sourcecode.swift; path = History.swift; sourceTree = "<group>"; };
		636C7CE927CAD560008950F7 /* HomeRouter.swift */ = {isa = PBXFileReference; lastKnownFileType = sourcecode.swift; path = HomeRouter.swift; sourceTree = "<group>"; };
		636C7CEB27CAD7B8008950F7 /* HomeInteractor.swift */ = {isa = PBXFileReference; lastKnownFileType = sourcecode.swift; path = HomeInteractor.swift; sourceTree = "<group>"; };
		636C7CED27CADD56008950F7 /* HomePresenter.swift */ = {isa = PBXFileReference; lastKnownFileType = sourcecode.swift; path = HomePresenter.swift; sourceTree = "<group>"; };
		636C7CEF27CADEB0008950F7 /* HomeWorker.swift */ = {isa = PBXFileReference; lastKnownFileType = sourcecode.swift; path = HomeWorker.swift; sourceTree = "<group>"; };
		636C7CF127CADEF8008950F7 /* HomeModels.swift */ = {isa = PBXFileReference; lastKnownFileType = sourcecode.swift; path = HomeModels.swift; sourceTree = "<group>"; };
		636C7CF327CADF7B008950F7 /* CardCollectionViewCell.swift */ = {isa = PBXFileReference; lastKnownFileType = sourcecode.swift; path = CardCollectionViewCell.swift; sourceTree = "<group>"; };
		636C7CF627CAE312008950F7 /* DBService.swift */ = {isa = PBXFileReference; lastKnownFileType = sourcecode.swift; path = DBService.swift; sourceTree = "<group>"; };
		636C7CF827CAE4B6008950F7 /* README.md */ = {isa = PBXFileReference; lastKnownFileType = net.daringfireball.markdown; path = README.md; sourceTree = "<group>"; };
		636C7CF927CBE061008950F7 /* purpleGradient.jpg */ = {isa = PBXFileReference; lastKnownFileType = image.jpeg; name = purpleGradient.jpg; path = "Wallet-App/purpleGradient.jpg"; sourceTree = SOURCE_ROOT; };
		636C7CFB27CBE98A008950F7 /* CardHeaderCollectionReusableView.swift */ = {isa = PBXFileReference; lastKnownFileType = sourcecode.swift; path = CardHeaderCollectionReusableView.swift; sourceTree = "<group>"; };
		636C7CFD27CBEF84008950F7 /* ContactCollectionViewCell.swift */ = {isa = PBXFileReference; lastKnownFileType = sourcecode.swift; path = ContactCollectionViewCell.swift; sourceTree = "<group>"; };
		636C7CFF27CBF7E2008950F7 /* ContactHeaderCollectionReusableView.swift */ = {isa = PBXFileReference; lastKnownFileType = sourcecode.swift; path = ContactHeaderCollectionReusableView.swift; sourceTree = "<group>"; };
		636C7D0127CC20E0008950F7 /* ScreenSize.swift */ = {isa = PBXFileReference; lastKnownFileType = sourcecode.swift; path = ScreenSize.swift; sourceTree = "<group>"; };
		636C7D0327CC3159008950F7 /* HistoryCollectionViewCell.swift */ = {isa = PBXFileReference; lastKnownFileType = sourcecode.swift; path = HistoryCollectionViewCell.swift; sourceTree = "<group>"; };
		636C7D0727CCF993008950F7 /* HistoryCollectionReusableView.swift */ = {isa = PBXFileReference; lastKnownFileType = sourcecode.swift; path = HistoryCollectionReusableView.swift; sourceTree = "<group>"; };
		636C7D0927CD1BBB008950F7 /* testPerson3.jpeg */ = {isa = PBXFileReference; lastKnownFileType = image.jpeg; path = testPerson3.jpeg; sourceTree = "<group>"; };
		636C7D0B27CD1BC4008950F7 /* testPerson2.jpeg */ = {isa = PBXFileReference; lastKnownFileType = image.jpeg; path = testPerson2.jpeg; sourceTree = "<group>"; };
		636C7D0D27CD1BCB008950F7 /* testPerson.jpeg */ = {isa = PBXFileReference; lastKnownFileType = image.jpeg; path = testPerson.jpeg; sourceTree = "<group>"; };
		636C7D0F27CE7FB9008950F7 /* AnalyticsViewController.swift */ = {isa = PBXFileReference; lastKnownFileType = sourcecode.swift; path = AnalyticsViewController.swift; sourceTree = "<group>"; };
		636C7D1127D242CE008950F7 /* AnalyticsInteractor.swift */ = {isa = PBXFileReference; lastKnownFileType = sourcecode.swift; path = AnalyticsInteractor.swift; sourceTree = "<group>"; };
		636C7D1327D242DB008950F7 /* AnalyticsPresenter.swift */ = {isa = PBXFileReference; lastKnownFileType = sourcecode.swift; path = AnalyticsPresenter.swift; sourceTree = "<group>"; };
		636C7D1527D242E8008950F7 /* AnalyticsWorker.swift */ = {isa = PBXFileReference; lastKnownFileType = sourcecode.swift; path = AnalyticsWorker.swift; sourceTree = "<group>"; };
		636C7D1727D242F5008950F7 /* AnalyticsModels.swift */ = {isa = PBXFileReference; lastKnownFileType = sourcecode.swift; path = AnalyticsModels.swift; sourceTree = "<group>"; };
		636C7D1927D24312008950F7 /* AnalyticsRouter.swift */ = {isa = PBXFileReference; lastKnownFileType = sourcecode.swift; path = AnalyticsRouter.swift; sourceTree = "<group>"; };
		636C7D1D27D3E10E008950F7 /* PieChartView.swift */ = {isa = PBXFileReference; lastKnownFileType = sourcecode.swift; path = PieChartView.swift; sourceTree = "<group>"; };
		636C7D2127D4159D008950F7 /* StatGraphicsCollectionReusableView.swift */ = {isa = PBXFileReference; lastKnownFileType = sourcecode.swift; path = StatGraphicsCollectionReusableView.swift; sourceTree = "<group>"; };
/* End PBXFileReference section */

/* Begin PBXFrameworksBuildPhase section */
		636C7C9E27CA9B4B008950F7 /* Frameworks */ = {
			isa = PBXFrameworksBuildPhase;
			buildActionMask = 2147483647;
			files = (
			);
			runOnlyForDeploymentPostprocessing = 0;
		};
		636C7CB427CA9B4F008950F7 /* Frameworks */ = {
			isa = PBXFrameworksBuildPhase;
			buildActionMask = 2147483647;
			files = (
			);
			runOnlyForDeploymentPostprocessing = 0;
		};
		636C7CBE27CA9B4F008950F7 /* Frameworks */ = {
			isa = PBXFrameworksBuildPhase;
			buildActionMask = 2147483647;
			files = (
			);
			runOnlyForDeploymentPostprocessing = 0;
		};
/* End PBXFrameworksBuildPhase section */

/* Begin PBXGroup section */
		636C7C9827CA9B4B008950F7 = {
			isa = PBXGroup;
			children = (
				636C7CF827CAE4B6008950F7 /* README.md */,
				636C7CA327CA9B4B008950F7 /* Wallet-App */,
				636C7CBA27CA9B4F008950F7 /* Wallet-AppTests */,
				636C7CC427CA9B4F008950F7 /* Wallet-AppUITests */,
				636C7CA227CA9B4B008950F7 /* Products */,
			);
			sourceTree = "<group>";
		};
		636C7CA227CA9B4B008950F7 /* Products */ = {
			isa = PBXGroup;
			children = (
				636C7CA127CA9B4B008950F7 /* Wallet-App.app */,
				636C7CB727CA9B4F008950F7 /* Wallet-AppTests.xctest */,
				636C7CC127CA9B4F008950F7 /* Wallet-AppUITests.xctest */,
			);
			name = Products;
			sourceTree = "<group>";
		};
		636C7CA327CA9B4B008950F7 /* Wallet-App */ = {
			isa = PBXGroup;
			children = (
				636C7D1F27D414E8008950F7 /* Main */,
				636C7CD427CAC63B008950F7 /* Scenes */,
				636C7CD727CAC722008950F7 /* Entities */,
				636C7CF527CAE2FA008950F7 /* Service */,
				636C7CE027CAD0A7008950F7 /* Utils */,
				636C7CAD27CA9B4F008950F7 /* Assets.xcassets */,
				636C7CAF27CA9B4F008950F7 /* LaunchScreen.storyboard */,
				636C7CF927CBE061008950F7 /* purpleGradient.jpg */,
				636C7D0D27CD1BCB008950F7 /* testPerson.jpeg */,
				636C7D0927CD1BBB008950F7 /* testPerson3.jpeg */,
				636C7D0B27CD1BC4008950F7 /* testPerson2.jpeg */,
				636C7CB227CA9B4F008950F7 /* Info.plist */,
			);
			path = "Wallet-App";
			sourceTree = "<group>";
		};
		636C7CBA27CA9B4F008950F7 /* Wallet-AppTests */ = {
			isa = PBXGroup;
			children = (
				636C7CBB27CA9B4F008950F7 /* Wallet_AppTests.swift */,
			);
			path = "Wallet-AppTests";
			sourceTree = "<group>";
		};
		636C7CC427CA9B4F008950F7 /* Wallet-AppUITests */ = {
			isa = PBXGroup;
			children = (
				636C7CC527CA9B4F008950F7 /* Wallet_AppUITests.swift */,
				636C7CC727CA9B4F008950F7 /* Wallet_AppUITestsLaunchTests.swift */,
			);
			path = "Wallet-AppUITests";
			sourceTree = "<group>";
		};
		636C7CD427CAC63B008950F7 /* Scenes */ = {
			isa = PBXGroup;
			children = (
				636C7CD527CAC6A6008950F7 /* Home Scene */,
				636C7CD627CAC6BD008950F7 /* Analytics Scene */,
				636C7CDC27CACF1A008950F7 /* History Scene */,
			);
			path = Scenes;
			sourceTree = "<group>";
		};
		636C7CD527CAC6A6008950F7 /* Home Scene */ = {
			isa = PBXGroup;
			children = (
				636C7CDF27CAD03A008950F7 /* View */,
				636C7CED27CADD56008950F7 /* HomePresenter.swift */,
				636C7CEF27CADEB0008950F7 /* HomeWorker.swift */,
				636C7CE927CAD560008950F7 /* HomeRouter.swift */,
				636C7CF127CADEF8008950F7 /* HomeModels.swift */,
				636C7CD827CAC78B008950F7 /* HomeViewController.swift */,
				636C7CEB27CAD7B8008950F7 /* HomeInteractor.swift */,
			);
			path = "Home Scene";
			sourceTree = "<group>";
		};
		636C7CD627CAC6BD008950F7 /* Analytics Scene */ = {
			isa = PBXGroup;
			children = (
				636C7D1B27D2437E008950F7 /* View */,
				636C7D1327D242DB008950F7 /* AnalyticsPresenter.swift */,
				636C7D1527D242E8008950F7 /* AnalyticsWorker.swift */,
				636C7D1727D242F5008950F7 /* AnalyticsModels.swift */,
				636C7D0F27CE7FB9008950F7 /* AnalyticsViewController.swift */,
				636C7D1127D242CE008950F7 /* AnalyticsInteractor.swift */,
				636C7D1927D24312008950F7 /* AnalyticsRouter.swift */,
			);
			path = "Analytics Scene";
			sourceTree = "<group>";
		};
		636C7CD727CAC722008950F7 /* Entities */ = {
			isa = PBXGroup;
			children = (
				636C7CE327CAD4C9008950F7 /* Cards.swift */,
				636C7CE527CAD4D2008950F7 /* Contacts.swift */,
				636C7CE727CAD4E4008950F7 /* History.swift */,
			);
			path = Entities;
			sourceTree = "<group>";
		};
		636C7CDC27CACF1A008950F7 /* History Scene */ = {
			isa = PBXGroup;
			children = (
				636C7CDD27CACF40008950F7 /* HistoryViewController.swift */,
			);
			path = "History Scene";
			sourceTree = "<group>";
		};
		636C7CDF27CAD03A008950F7 /* View */ = {
			isa = PBXGroup;
			children = (
				636C7D0627CCF971008950F7 /* ReusableViews */,
				636C7D0527CCF96C008950F7 /* Cells */,
			);
			path = View;
			sourceTree = "<group>";
		};
		636C7CE027CAD0A7008950F7 /* Utils */ = {
			isa = PBXGroup;
			children = (
				636C7CE127CAD0BA008950F7 /* View+Pin.swift */,
				636C7D0127CC20E0008950F7 /* ScreenSize.swift */,
				636C7D1D27D3E10E008950F7 /* PieChartView.swift */,
			);
			path = Utils;
			sourceTree = "<group>";
		};
		636C7CF527CAE2FA008950F7 /* Service */ = {
			isa = PBXGroup;
			children = (
				636C7CF627CAE312008950F7 /* DBService.swift */,
			);
			path = Service;
			sourceTree = "<group>";
		};
		636C7D0527CCF96C008950F7 /* Cells */ = {
			isa = PBXGroup;
			children = (
				636C7CF327CADF7B008950F7 /* CardCollectionViewCell.swift */,
				636C7CFD27CBEF84008950F7 /* ContactCollectionViewCell.swift */,
				636C7D0327CC3159008950F7 /* HistoryCollectionViewCell.swift */,
			);
			path = Cells;
			sourceTree = "<group>";
		};
		636C7D0627CCF971008950F7 /* ReusableViews */ = {
			isa = PBXGroup;
			children = (
				636C7CFB27CBE98A008950F7 /* CardHeaderCollectionReusableView.swift */,
				636C7CFF27CBF7E2008950F7 /* ContactHeaderCollectionReusableView.swift */,
				636C7D0727CCF993008950F7 /* HistoryCollectionReusableView.swift */,
			);
			path = ReusableViews;
			sourceTree = "<group>";
		};
		636C7D1B27D2437E008950F7 /* View */ = {
			isa = PBXGroup;
			children = (
				636C7D2027D41568008950F7 /* ReusableViews */,
				636C7D1C27D24384008950F7 /* Cells */,
			);
			path = View;
			sourceTree = "<group>";
		};
		636C7D1C27D24384008950F7 /* Cells */ = {
			isa = PBXGroup;
			children = (
			);
			path = Cells;
			sourceTree = "<group>";
		};
		636C7D1F27D414E8008950F7 /* Main */ = {
			isa = PBXGroup;
			children = (
				636C7CA427CA9B4B008950F7 /* AppDelegate.swift */,
				636C7CA627CA9B4B008950F7 /* SceneDelegate.swift */,
				636C7CDA27CACE3D008950F7 /* MainTabBarViewController.swift */,
			);
			path = Main;
			sourceTree = "<group>";
		};
		636C7D2027D41568008950F7 /* ReusableViews */ = {
			isa = PBXGroup;
			children = (
				636C7D2127D4159D008950F7 /* StatGraphicsCollectionReusableView.swift */,
			);
			path = ReusableViews;
			sourceTree = "<group>";
		};
/* End PBXGroup section */

/* Begin PBXNativeTarget section */
		636C7CA027CA9B4B008950F7 /* Wallet-App */ = {
			isa = PBXNativeTarget;
			buildConfigurationList = 636C7CCB27CA9B4F008950F7 /* Build configuration list for PBXNativeTarget "Wallet-App" */;
			buildPhases = (
				636C7C9D27CA9B4B008950F7 /* Sources */,
				636C7C9E27CA9B4B008950F7 /* Frameworks */,
				636C7C9F27CA9B4B008950F7 /* Resources */,
			);
			buildRules = (
			);
			dependencies = (
			);
			name = "Wallet-App";
			productName = "Wallet-App";
			productReference = 636C7CA127CA9B4B008950F7 /* Wallet-App.app */;
			productType = "com.apple.product-type.application";
		};
		636C7CB627CA9B4F008950F7 /* Wallet-AppTests */ = {
			isa = PBXNativeTarget;
			buildConfigurationList = 636C7CCE27CA9B4F008950F7 /* Build configuration list for PBXNativeTarget "Wallet-AppTests" */;
			buildPhases = (
				636C7CB327CA9B4F008950F7 /* Sources */,
				636C7CB427CA9B4F008950F7 /* Frameworks */,
				636C7CB527CA9B4F008950F7 /* Resources */,
			);
			buildRules = (
			);
			dependencies = (
				636C7CB927CA9B4F008950F7 /* PBXTargetDependency */,
			);
			name = "Wallet-AppTests";
			productName = "Wallet-AppTests";
			productReference = 636C7CB727CA9B4F008950F7 /* Wallet-AppTests.xctest */;
			productType = "com.apple.product-type.bundle.unit-test";
		};
		636C7CC027CA9B4F008950F7 /* Wallet-AppUITests */ = {
			isa = PBXNativeTarget;
			buildConfigurationList = 636C7CD127CA9B4F008950F7 /* Build configuration list for PBXNativeTarget "Wallet-AppUITests" */;
			buildPhases = (
				636C7CBD27CA9B4F008950F7 /* Sources */,
				636C7CBE27CA9B4F008950F7 /* Frameworks */,
				636C7CBF27CA9B4F008950F7 /* Resources */,
			);
			buildRules = (
			);
			dependencies = (
				636C7CC327CA9B4F008950F7 /* PBXTargetDependency */,
			);
			name = "Wallet-AppUITests";
			productName = "Wallet-AppUITests";
			productReference = 636C7CC127CA9B4F008950F7 /* Wallet-AppUITests.xctest */;
			productType = "com.apple.product-type.bundle.ui-testing";
		};
/* End PBXNativeTarget section */

/* Begin PBXProject section */
		636C7C9927CA9B4B008950F7 /* Project object */ = {
			isa = PBXProject;
			attributes = {
				BuildIndependentTargetsInParallel = 1;
				LastSwiftUpdateCheck = 1320;
				LastUpgradeCheck = 1320;
				TargetAttributes = {
					636C7CA027CA9B4B008950F7 = {
						CreatedOnToolsVersion = 13.2.1;
					};
					636C7CB627CA9B4F008950F7 = {
						CreatedOnToolsVersion = 13.2.1;
						TestTargetID = 636C7CA027CA9B4B008950F7;
					};
					636C7CC027CA9B4F008950F7 = {
						CreatedOnToolsVersion = 13.2.1;
						TestTargetID = 636C7CA027CA9B4B008950F7;
					};
				};
			};
			buildConfigurationList = 636C7C9C27CA9B4B008950F7 /* Build configuration list for PBXProject "Wallet-App" */;
			compatibilityVersion = "Xcode 13.0";
			developmentRegion = en;
			hasScannedForEncodings = 0;
			knownRegions = (
				en,
				Base,
			);
			mainGroup = 636C7C9827CA9B4B008950F7;
			productRefGroup = 636C7CA227CA9B4B008950F7 /* Products */;
			projectDirPath = "";
			projectRoot = "";
			targets = (
				636C7CA027CA9B4B008950F7 /* Wallet-App */,
				636C7CB627CA9B4F008950F7 /* Wallet-AppTests */,
				636C7CC027CA9B4F008950F7 /* Wallet-AppUITests */,
			);
		};
/* End PBXProject section */

/* Begin PBXResourcesBuildPhase section */
		636C7C9F27CA9B4B008950F7 /* Resources */ = {
			isa = PBXResourcesBuildPhase;
			buildActionMask = 2147483647;
			files = (
				636C7D0E27CD1BCB008950F7 /* testPerson.jpeg in Resources */,
				636C7D0A27CD1BBB008950F7 /* testPerson3.jpeg in Resources */,
				636C7CB127CA9B4F008950F7 /* LaunchScreen.storyboard in Resources */,
				636C7CFA27CBE061008950F7 /* purpleGradient.jpg in Resources */,
				636C7D0C27CD1BC4008950F7 /* testPerson2.jpeg in Resources */,
				636C7CAE27CA9B4F008950F7 /* Assets.xcassets in Resources */,
			);
			runOnlyForDeploymentPostprocessing = 0;
		};
		636C7CB527CA9B4F008950F7 /* Resources */ = {
			isa = PBXResourcesBuildPhase;
			buildActionMask = 2147483647;
			files = (
			);
			runOnlyForDeploymentPostprocessing = 0;
		};
		636C7CBF27CA9B4F008950F7 /* Resources */ = {
			isa = PBXResourcesBuildPhase;
			buildActionMask = 2147483647;
			files = (
			);
			runOnlyForDeploymentPostprocessing = 0;
		};
/* End PBXResourcesBuildPhase section */

/* Begin PBXSourcesBuildPhase section */
		636C7C9D27CA9B4B008950F7 /* Sources */ = {
			isa = PBXSourcesBuildPhase;
			buildActionMask = 2147483647;
			files = (
				636C7D2227D4159D008950F7 /* StatGraphicsCollectionReusableView.swift in Sources */,
				636C7CE827CAD4E4008950F7 /* History.swift in Sources */,
				636C7CF727CAE312008950F7 /* DBService.swift in Sources */,
				636C7D0427CC3159008950F7 /* HistoryCollectionViewCell.swift in Sources */,
				636C7CEC27CAD7B8008950F7 /* HomeInteractor.swift in Sources */,
				636C7CE627CAD4D2008950F7 /* Contacts.swift in Sources */,
				636C7CEE27CADD56008950F7 /* HomePresenter.swift in Sources */,
				636C7D1627D242E8008950F7 /* AnalyticsWorker.swift in Sources */,
				636C7D0827CCF993008950F7 /* HistoryCollectionReusableView.swift in Sources */,
				636C7CDB27CACE3D008950F7 /* MainTabBarViewController.swift in Sources */,
				636C7CA527CA9B4B008950F7 /* AppDelegate.swift in Sources */,
				636C7CF227CADEF8008950F7 /* HomeModels.swift in Sources */,
				636C7CFC27CBE98A008950F7 /* CardHeaderCollectionReusableView.swift in Sources */,
				636C7CE227CAD0BA008950F7 /* View+Pin.swift in Sources */,
				636C7D0227CC20E0008950F7 /* ScreenSize.swift in Sources */,
				636C7CE427CAD4C9008950F7 /* Cards.swift in Sources */,
				636C7D1E27D3E10E008950F7 /* PieChartView.swift in Sources */,
				636C7CDE27CACF40008950F7 /* HistoryViewController.swift in Sources */,
				636C7D1227D242CE008950F7 /* AnalyticsInteractor.swift in Sources */,
				636C7D1A27D24312008950F7 /* AnalyticsRouter.swift in Sources */,
				636C7D0027CBF7E2008950F7 /* ContactHeaderCollectionReusableView.swift in Sources */,
				636C7CF027CADEB0008950F7 /* HomeWorker.swift in Sources */,
				636C7CA727CA9B4B008950F7 /* SceneDelegate.swift in Sources */,
				636C7D1427D242DB008950F7 /* AnalyticsPresenter.swift in Sources */,
				636C7CD927CAC78B008950F7 /* HomeViewController.swift in Sources */,
				636C7D1027CE7FB9008950F7 /* AnalyticsViewController.swift in Sources */,
				636C7CF427CADF7B008950F7 /* CardCollectionViewCell.swift in Sources */,
				636C7D1827D242F5008950F7 /* AnalyticsModels.swift in Sources */,
				636C7CEA27CAD560008950F7 /* HomeRouter.swift in Sources */,
				636C7CFE27CBEF84008950F7 /* ContactCollectionViewCell.swift in Sources */,
			);
			runOnlyForDeploymentPostprocessing = 0;
		};
		636C7CB327CA9B4F008950F7 /* Sources */ = {
			isa = PBXSourcesBuildPhase;
			buildActionMask = 2147483647;
			files = (
				636C7CBC27CA9B4F008950F7 /* Wallet_AppTests.swift in Sources */,
			);
			runOnlyForDeploymentPostprocessing = 0;
		};
		636C7CBD27CA9B4F008950F7 /* Sources */ = {
			isa = PBXSourcesBuildPhase;
			buildActionMask = 2147483647;
			files = (
				636C7CC627CA9B4F008950F7 /* Wallet_AppUITests.swift in Sources */,
				636C7CC827CA9B4F008950F7 /* Wallet_AppUITestsLaunchTests.swift in Sources */,
			);
			runOnlyForDeploymentPostprocessing = 0;
		};
/* End PBXSourcesBuildPhase section */

/* Begin PBXTargetDependency section */
		636C7CB927CA9B4F008950F7 /* PBXTargetDependency */ = {
			isa = PBXTargetDependency;
			target = 636C7CA027CA9B4B008950F7 /* Wallet-App */;
			targetProxy = 636C7CB827CA9B4F008950F7 /* PBXContainerItemProxy */;
		};
		636C7CC327CA9B4F008950F7 /* PBXTargetDependency */ = {
			isa = PBXTargetDependency;
			target = 636C7CA027CA9B4B008950F7 /* Wallet-App */;
			targetProxy = 636C7CC227CA9B4F008950F7 /* PBXContainerItemProxy */;
		};
/* End PBXTargetDependency section */

/* Begin PBXVariantGroup section */
		636C7CAF27CA9B4F008950F7 /* LaunchScreen.storyboard */ = {
			isa = PBXVariantGroup;
			children = (
				636C7CB027CA9B4F008950F7 /* Base */,
			);
			name = LaunchScreen.storyboard;
			sourceTree = "<group>";
		};
/* End PBXVariantGroup section */

/* Begin XCBuildConfiguration section */
		636C7CC927CA9B4F008950F7 /* Debug */ = {
			isa = XCBuildConfiguration;
			buildSettings = {
				ALWAYS_SEARCH_USER_PATHS = NO;
				CLANG_ANALYZER_NONNULL = YES;
				CLANG_ANALYZER_NUMBER_OBJECT_CONVERSION = YES_AGGRESSIVE;
				CLANG_CXX_LANGUAGE_STANDARD = "gnu++17";
				CLANG_CXX_LIBRARY = "libc++";
				CLANG_ENABLE_MODULES = YES;
				CLANG_ENABLE_OBJC_ARC = YES;
				CLANG_ENABLE_OBJC_WEAK = YES;
				CLANG_WARN_BLOCK_CAPTURE_AUTORELEASING = YES;
				CLANG_WARN_BOOL_CONVERSION = YES;
				CLANG_WARN_COMMA = YES;
				CLANG_WARN_CONSTANT_CONVERSION = YES;
				CLANG_WARN_DEPRECATED_OBJC_IMPLEMENTATIONS = YES;
				CLANG_WARN_DIRECT_OBJC_ISA_USAGE = YES_ERROR;
				CLANG_WARN_DOCUMENTATION_COMMENTS = YES;
				CLANG_WARN_EMPTY_BODY = YES;
				CLANG_WARN_ENUM_CONVERSION = YES;
				CLANG_WARN_INFINITE_RECURSION = YES;
				CLANG_WARN_INT_CONVERSION = YES;
				CLANG_WARN_NON_LITERAL_NULL_CONVERSION = YES;
				CLANG_WARN_OBJC_IMPLICIT_RETAIN_SELF = YES;
				CLANG_WARN_OBJC_LITERAL_CONVERSION = YES;
				CLANG_WARN_OBJC_ROOT_CLASS = YES_ERROR;
				CLANG_WARN_QUOTED_INCLUDE_IN_FRAMEWORK_HEADER = YES;
				CLANG_WARN_RANGE_LOOP_ANALYSIS = YES;
				CLANG_WARN_STRICT_PROTOTYPES = YES;
				CLANG_WARN_SUSPICIOUS_MOVE = YES;
				CLANG_WARN_UNGUARDED_AVAILABILITY = YES_AGGRESSIVE;
				CLANG_WARN_UNREACHABLE_CODE = YES;
				CLANG_WARN__DUPLICATE_METHOD_MATCH = YES;
				COPY_PHASE_STRIP = NO;
				DEBUG_INFORMATION_FORMAT = dwarf;
				ENABLE_STRICT_OBJC_MSGSEND = YES;
				ENABLE_TESTABILITY = YES;
				GCC_C_LANGUAGE_STANDARD = gnu11;
				GCC_DYNAMIC_NO_PIC = NO;
				GCC_NO_COMMON_BLOCKS = YES;
				GCC_OPTIMIZATION_LEVEL = 0;
				GCC_PREPROCESSOR_DEFINITIONS = (
					"DEBUG=1",
					"$(inherited)",
				);
				GCC_WARN_64_TO_32_BIT_CONVERSION = YES;
				GCC_WARN_ABOUT_RETURN_TYPE = YES_ERROR;
				GCC_WARN_UNDECLARED_SELECTOR = YES;
				GCC_WARN_UNINITIALIZED_AUTOS = YES_AGGRESSIVE;
				GCC_WARN_UNUSED_FUNCTION = YES;
				GCC_WARN_UNUSED_VARIABLE = YES;
				IPHONEOS_DEPLOYMENT_TARGET = 15.2;
				MTL_ENABLE_DEBUG_INFO = INCLUDE_SOURCE;
				MTL_FAST_MATH = YES;
				ONLY_ACTIVE_ARCH = YES;
				SDKROOT = iphoneos;
				SWIFT_ACTIVE_COMPILATION_CONDITIONS = DEBUG;
				SWIFT_OPTIMIZATION_LEVEL = "-Onone";
			};
			name = Debug;
		};
		636C7CCA27CA9B4F008950F7 /* Release */ = {
			isa = XCBuildConfiguration;
			buildSettings = {
				ALWAYS_SEARCH_USER_PATHS = NO;
				CLANG_ANALYZER_NONNULL = YES;
				CLANG_ANALYZER_NUMBER_OBJECT_CONVERSION = YES_AGGRESSIVE;
				CLANG_CXX_LANGUAGE_STANDARD = "gnu++17";
				CLANG_CXX_LIBRARY = "libc++";
				CLANG_ENABLE_MODULES = YES;
				CLANG_ENABLE_OBJC_ARC = YES;
				CLANG_ENABLE_OBJC_WEAK = YES;
				CLANG_WARN_BLOCK_CAPTURE_AUTORELEASING = YES;
				CLANG_WARN_BOOL_CONVERSION = YES;
				CLANG_WARN_COMMA = YES;
				CLANG_WARN_CONSTANT_CONVERSION = YES;
				CLANG_WARN_DEPRECATED_OBJC_IMPLEMENTATIONS = YES;
				CLANG_WARN_DIRECT_OBJC_ISA_USAGE = YES_ERROR;
				CLANG_WARN_DOCUMENTATION_COMMENTS = YES;
				CLANG_WARN_EMPTY_BODY = YES;
				CLANG_WARN_ENUM_CONVERSION = YES;
				CLANG_WARN_INFINITE_RECURSION = YES;
				CLANG_WARN_INT_CONVERSION = YES;
				CLANG_WARN_NON_LITERAL_NULL_CONVERSION = YES;
				CLANG_WARN_OBJC_IMPLICIT_RETAIN_SELF = YES;
				CLANG_WARN_OBJC_LITERAL_CONVERSION = YES;
				CLANG_WARN_OBJC_ROOT_CLASS = YES_ERROR;
				CLANG_WARN_QUOTED_INCLUDE_IN_FRAMEWORK_HEADER = YES;
				CLANG_WARN_RANGE_LOOP_ANALYSIS = YES;
				CLANG_WARN_STRICT_PROTOTYPES = YES;
				CLANG_WARN_SUSPICIOUS_MOVE = YES;
				CLANG_WARN_UNGUARDED_AVAILABILITY = YES_AGGRESSIVE;
				CLANG_WARN_UNREACHABLE_CODE = YES;
				CLANG_WARN__DUPLICATE_METHOD_MATCH = YES;
				COPY_PHASE_STRIP = NO;
				DEBUG_INFORMATION_FORMAT = "dwarf-with-dsym";
				ENABLE_NS_ASSERTIONS = NO;
				ENABLE_STRICT_OBJC_MSGSEND = YES;
				GCC_C_LANGUAGE_STANDARD = gnu11;
				GCC_NO_COMMON_BLOCKS = YES;
				GCC_WARN_64_TO_32_BIT_CONVERSION = YES;
				GCC_WARN_ABOUT_RETURN_TYPE = YES_ERROR;
				GCC_WARN_UNDECLARED_SELECTOR = YES;
				GCC_WARN_UNINITIALIZED_AUTOS = YES_AGGRESSIVE;
				GCC_WARN_UNUSED_FUNCTION = YES;
				GCC_WARN_UNUSED_VARIABLE = YES;
				IPHONEOS_DEPLOYMENT_TARGET = 15.2;
				MTL_ENABLE_DEBUG_INFO = NO;
				MTL_FAST_MATH = YES;
				SDKROOT = iphoneos;
				SWIFT_COMPILATION_MODE = wholemodule;
				SWIFT_OPTIMIZATION_LEVEL = "-O";
				VALIDATE_PRODUCT = YES;
			};
			name = Release;
		};
		636C7CCC27CA9B4F008950F7 /* Debug */ = {
			isa = XCBuildConfiguration;
			buildSettings = {
				ASSETCATALOG_COMPILER_APPICON_NAME = AppIcon;
				ASSETCATALOG_COMPILER_GLOBAL_ACCENT_COLOR_NAME = AccentColor;
				CODE_SIGN_STYLE = Automatic;
				CURRENT_PROJECT_VERSION = 1;
				DEVELOPMENT_TEAM = 7QZL932B66;
				GENERATE_INFOPLIST_FILE = YES;
				INFOPLIST_FILE = "Wallet-App/Info.plist";
				INFOPLIST_KEY_UIApplicationSupportsIndirectInputEvents = YES;
				INFOPLIST_KEY_UILaunchStoryboardName = LaunchScreen;
				INFOPLIST_KEY_UISupportedInterfaceOrientations_iPad = "UIInterfaceOrientationPortrait UIInterfaceOrientationPortraitUpsideDown UIInterfaceOrientationLandscapeLeft UIInterfaceOrientationLandscapeRight";
				INFOPLIST_KEY_UISupportedInterfaceOrientations_iPhone = "UIInterfaceOrientationPortrait UIInterfaceOrientationLandscapeLeft UIInterfaceOrientationLandscapeRight";
				LD_RUNPATH_SEARCH_PATHS = (
					"$(inherited)",
					"@executable_path/Frameworks",
				);
				MARKETING_VERSION = 1.0;
				PRODUCT_BUNDLE_IDENTIFIER = "skymanapps.Wallet-App";
				PRODUCT_NAME = "$(TARGET_NAME)";
				SWIFT_EMIT_LOC_STRINGS = YES;
				SWIFT_VERSION = 5.0;
				TARGETED_DEVICE_FAMILY = "1,2";
			};
			name = Debug;
		};
		636C7CCD27CA9B4F008950F7 /* Release */ = {
			isa = XCBuildConfiguration;
			buildSettings = {
				ASSETCATALOG_COMPILER_APPICON_NAME = AppIcon;
				ASSETCATALOG_COMPILER_GLOBAL_ACCENT_COLOR_NAME = AccentColor;
				CODE_SIGN_STYLE = Automatic;
				CURRENT_PROJECT_VERSION = 1;
				DEVELOPMENT_TEAM = 7QZL932B66;
				GENERATE_INFOPLIST_FILE = YES;
				INFOPLIST_FILE = "Wallet-App/Info.plist";
				INFOPLIST_KEY_UIApplicationSupportsIndirectInputEvents = YES;
				INFOPLIST_KEY_UILaunchStoryboardName = LaunchScreen;
				INFOPLIST_KEY_UISupportedInterfaceOrientations_iPad = "UIInterfaceOrientationPortrait UIInterfaceOrientationPortraitUpsideDown UIInterfaceOrientationLandscapeLeft UIInterfaceOrientationLandscapeRight";
				INFOPLIST_KEY_UISupportedInterfaceOrientations_iPhone = "UIInterfaceOrientationPortrait UIInterfaceOrientationLandscapeLeft UIInterfaceOrientationLandscapeRight";
				LD_RUNPATH_SEARCH_PATHS = (
					"$(inherited)",
					"@executable_path/Frameworks",
				);
				MARKETING_VERSION = 1.0;
				PRODUCT_BUNDLE_IDENTIFIER = "skymanapps.Wallet-App";
				PRODUCT_NAME = "$(TARGET_NAME)";
				SWIFT_EMIT_LOC_STRINGS = YES;
				SWIFT_VERSION = 5.0;
				TARGETED_DEVICE_FAMILY = "1,2";
			};
			name = Release;
		};
		636C7CCF27CA9B4F008950F7 /* Debug */ = {
			isa = XCBuildConfiguration;
			buildSettings = {
				ALWAYS_EMBED_SWIFT_STANDARD_LIBRARIES = YES;
				BUNDLE_LOADER = "$(TEST_HOST)";
				CODE_SIGN_STYLE = Automatic;
				CURRENT_PROJECT_VERSION = 1;
				DEVELOPMENT_TEAM = 7QZL932B66;
				GENERATE_INFOPLIST_FILE = YES;
				IPHONEOS_DEPLOYMENT_TARGET = 15.2;
				MARKETING_VERSION = 1.0;
				PRODUCT_BUNDLE_IDENTIFIER = "skymanapps.Wallet-AppTests";
				PRODUCT_NAME = "$(TARGET_NAME)";
				SWIFT_EMIT_LOC_STRINGS = NO;
				SWIFT_VERSION = 5.0;
				TARGETED_DEVICE_FAMILY = "1,2";
				TEST_HOST = "$(BUILT_PRODUCTS_DIR)/Wallet-App.app/Wallet-App";
			};
			name = Debug;
		};
		636C7CD027CA9B4F008950F7 /* Release */ = {
			isa = XCBuildConfiguration;
			buildSettings = {
				ALWAYS_EMBED_SWIFT_STANDARD_LIBRARIES = YES;
				BUNDLE_LOADER = "$(TEST_HOST)";
				CODE_SIGN_STYLE = Automatic;
				CURRENT_PROJECT_VERSION = 1;
				DEVELOPMENT_TEAM = 7QZL932B66;
				GENERATE_INFOPLIST_FILE = YES;
				IPHONEOS_DEPLOYMENT_TARGET = 15.2;
				MARKETING_VERSION = 1.0;
				PRODUCT_BUNDLE_IDENTIFIER = "skymanapps.Wallet-AppTests";
				PRODUCT_NAME = "$(TARGET_NAME)";
				SWIFT_EMIT_LOC_STRINGS = NO;
				SWIFT_VERSION = 5.0;
				TARGETED_DEVICE_FAMILY = "1,2";
				TEST_HOST = "$(BUILT_PRODUCTS_DIR)/Wallet-App.app/Wallet-App";
			};
			name = Release;
		};
		636C7CD227CA9B4F008950F7 /* Debug */ = {
			isa = XCBuildConfiguration;
			buildSettings = {
				ALWAYS_EMBED_SWIFT_STANDARD_LIBRARIES = YES;
				CODE_SIGN_STYLE = Automatic;
				CURRENT_PROJECT_VERSION = 1;
				DEVELOPMENT_TEAM = 7QZL932B66;
				GENERATE_INFOPLIST_FILE = YES;
				MARKETING_VERSION = 1.0;
				PRODUCT_BUNDLE_IDENTIFIER = "skymanapps.Wallet-AppUITests";
				PRODUCT_NAME = "$(TARGET_NAME)";
				SWIFT_EMIT_LOC_STRINGS = NO;
				SWIFT_VERSION = 5.0;
				TARGETED_DEVICE_FAMILY = "1,2";
				TEST_TARGET_NAME = "Wallet-App";
			};
			name = Debug;
		};
		636C7CD327CA9B4F008950F7 /* Release */ = {
			isa = XCBuildConfiguration;
			buildSettings = {
				ALWAYS_EMBED_SWIFT_STANDARD_LIBRARIES = YES;
				CODE_SIGN_STYLE = Automatic;
				CURRENT_PROJECT_VERSION = 1;
				DEVELOPMENT_TEAM = 7QZL932B66;
				GENERATE_INFOPLIST_FILE = YES;
				MARKETING_VERSION = 1.0;
				PRODUCT_BUNDLE_IDENTIFIER = "skymanapps.Wallet-AppUITests";
				PRODUCT_NAME = "$(TARGET_NAME)";
				SWIFT_EMIT_LOC_STRINGS = NO;
				SWIFT_VERSION = 5.0;
				TARGETED_DEVICE_FAMILY = "1,2";
				TEST_TARGET_NAME = "Wallet-App";
			};
			name = Release;
		};
/* End XCBuildConfiguration section */

/* Begin XCConfigurationList section */
		636C7C9C27CA9B4B008950F7 /* Build configuration list for PBXProject "Wallet-App" */ = {
			isa = XCConfigurationList;
			buildConfigurations = (
				636C7CC927CA9B4F008950F7 /* Debug */,
				636C7CCA27CA9B4F008950F7 /* Release */,
			);
			defaultConfigurationIsVisible = 0;
			defaultConfigurationName = Release;
		};
		636C7CCB27CA9B4F008950F7 /* Build configuration list for PBXNativeTarget "Wallet-App" */ = {
			isa = XCConfigurationList;
			buildConfigurations = (
				636C7CCC27CA9B4F008950F7 /* Debug */,
				636C7CCD27CA9B4F008950F7 /* Release */,
			);
			defaultConfigurationIsVisible = 0;
			defaultConfigurationName = Release;
		};
		636C7CCE27CA9B4F008950F7 /* Build configuration list for PBXNativeTarget "Wallet-AppTests" */ = {
			isa = XCConfigurationList;
			buildConfigurations = (
				636C7CCF27CA9B4F008950F7 /* Debug */,
				636C7CD027CA9B4F008950F7 /* Release */,
			);
			defaultConfigurationIsVisible = 0;
			defaultConfigurationName = Release;
		};
		636C7CD127CA9B4F008950F7 /* Build configuration list for PBXNativeTarget "Wallet-AppUITests" */ = {
			isa = XCConfigurationList;
			buildConfigurations = (
				636C7CD227CA9B4F008950F7 /* Debug */,
				636C7CD327CA9B4F008950F7 /* Release */,
			);
			defaultConfigurationIsVisible = 0;
			defaultConfigurationName = Release;
		};
/* End XCConfigurationList section */
	};
	rootObject = 636C7C9927CA9B4B008950F7 /* Project object */;
}
